
Microsoft Visual Studio Solution File, Format Version 12.00
# Visual Studio Version 16
VisualStudioVersion = 16.0.31129.286
MinimumVisualStudioVersion = 10.0.40219.1
Project("{9A19103F-16F7-4668-BE54-9A1E7A4F7556}") = "PlantListing", "PlantListing\PlantListing.csproj", "{2292101E-4642-4DB9-8373-775000862A36}"
EndProject
Project("{9A19103F-16F7-4668-BE54-9A1E7A4F7556}") = "PlantListing.Tests", "PlantListing.Tests\PlantListing.Tests.csproj", "{1EF103E0-8D7E-46A2-9D8D-A2267469CEB2}"
EndProject
Global
	GlobalSection(SolutionConfigurationPlatforms) = preSolution
		Debug|Any CPU = Debug|Any CPU
		Release|Any CPU = Release|Any CPU
	EndGlobalSection
	GlobalSection(ProjectConfigurationPlatforms) = postSolution
		{2292101E-4642-4DB9-8373-775000862A36}.Debug|Any CPU.ActiveCfg = Debug|Any CPU
		{2292101E-4642-4DB9-8373-775000862A36}.Debug|Any CPU.Build.0 = Debug|Any CPU
		{2292101E-4642-4DB9-8373-775000862A36}.Release|Any CPU.ActiveCfg = Release|Any CPU
		{2292101E-4642-4DB9-8373-775000862A36}.Release|Any CPU.Build.0 = Release|Any CPU
		{1EF103E0-8D7E-46A2-9D8D-A2267469CEB2}.Debug|Any CPU.ActiveCfg = Debug|Any CPU
		{1EF103E0-8D7E-46A2-9D8D-A2267469CEB2}.Debug|Any CPU.Build.0 = Debug|Any CPU
		{1EF103E0-8D7E-46A2-9D8D-A2267469CEB2}.Release|Any CPU.ActiveCfg = Release|Any CPU
		{1EF103E0-8D7E-46A2-9D8D-A2267469CEB2}.Release|Any CPU.Build.0 = Release|Any CPU
	EndGlobalSection
	GlobalSection(SolutionProperties) = preSolution
		HideSolutionNode = FALSE
	EndGlobalSection
	GlobalSection(ExtensibilityGlobals) = postSolution
		SolutionGuid = {34876A2C-212B-4796-92D3-221C2D23FD54}
	EndGlobalSection
EndGlobal
